
Microsoft Visual Studio Solution File, Format Version 12.00
# Visual Studio Version 17
VisualStudioVersion = 17.0.31903.59
MinimumVisualStudioVersion = 10.0.40219.1
Project("{FAE04EC0-301F-11D3-BF4B-00C04F79EFBC}") = "SGE.Aplicacion", "SGE.Aplicacion\SGE.Aplicacion.csproj", "{09240C71-9324-452E-8478-BF4B4D3F08EE}"
EndProject
Project("{FAE04EC0-301F-11D3-BF4B-00C04F79EFBC}") = "SGE.Repositorios", "SGE.Repositorios\SGE.Repositorios.csproj", "{BDE118F0-98FA-4405-BF12-D73395C78547}"
EndProject
Project("{FAE04EC0-301F-11D3-BF4B-00C04F79EFBC}") = "SGE.Consola", "SGE.Consola\SGE.Consola.csproj", "{3B660A5F-A1BA-48BB-BB5D-673962614A5B}"
EndProject
Global
	GlobalSection(SolutionConfigurationPlatforms) = preSolution
		Debug|Any CPU = Debug|Any CPU
		Release|Any CPU = Release|Any CPU
	EndGlobalSection
	GlobalSection(SolutionProperties) = preSolution
		HideSolutionNode = FALSE
	EndGlobalSection
	GlobalSection(ProjectConfigurationPlatforms) = postSolution
		{09240C71-9324-452E-8478-BF4B4D3F08EE}.Debug|Any CPU.ActiveCfg = Debug|Any CPU
		{09240C71-9324-452E-8478-BF4B4D3F08EE}.Debug|Any CPU.Build.0 = Debug|Any CPU
		{09240C71-9324-452E-8478-BF4B4D3F08EE}.Release|Any CPU.ActiveCfg = Release|Any CPU
		{09240C71-9324-452E-8478-BF4B4D3F08EE}.Release|Any CPU.Build.0 = Release|Any CPU
		{BDE118F0-98FA-4405-BF12-D73395C78547}.Debug|Any CPU.ActiveCfg = Debug|Any CPU
		{BDE118F0-98FA-4405-BF12-D73395C78547}.Debug|Any CPU.Build.0 = Debug|Any CPU
		{BDE118F0-98FA-4405-BF12-D73395C78547}.Release|Any CPU.ActiveCfg = Release|Any CPU
		{BDE118F0-98FA-4405-BF12-D73395C78547}.Release|Any CPU.Build.0 = Release|Any CPU
		{3B660A5F-A1BA-48BB-BB5D-673962614A5B}.Debug|Any CPU.ActiveCfg = Debug|Any CPU
		{3B660A5F-A1BA-48BB-BB5D-673962614A5B}.Debug|Any CPU.Build.0 = Debug|Any CPU
		{3B660A5F-A1BA-48BB-BB5D-673962614A5B}.Release|Any CPU.ActiveCfg = Release|Any CPU
		{3B660A5F-A1BA-48BB-BB5D-673962614A5B}.Release|Any CPU.Build.0 = Release|Any CPU
	EndGlobalSection
EndGlobal
